PODS:
  - AnalyticFL (0.1.3):
    - Flurry-iOS-SDK/FlurrySDK (~> 7.10.0)
    - GamePluginBase
  - BlocksKit (2.2.5):
    - BlocksKit/All (= 2.2.5)
  - BlocksKit/All (2.2.5):
    - BlocksKit/Core
    - BlocksKit/DynamicDelegate
    - BlocksKit/MessageUI
    - BlocksKit/UIKit
  - BlocksKit/Core (2.2.5)
  - BlocksKit/DynamicDelegate (2.2.5)
  - BlocksKit/MessageUI (2.2.5):
    - BlocksKit/Core
    - BlocksKit/DynamicDelegate
  - BlocksKit/UIKit (2.2.5):
    - BlocksKit/Core
    - BlocksKit/DynamicDelegate
  - Flurry-iOS-SDK/FlurrySDK (7.10.0)
  - GamePluginBase (0.1.7):
    - BlocksKit (~> 2.2.5)
    - MBProgressHUD (~> 0.9.1)
    - Reachability (~> 3.2)
  - MBProgressHUD (0.9.2)
  - Reachability (3.2)

DEPENDENCIES:
  - AnalyticFL (from `../`)

EXTERNAL SOURCES:
  AnalyticFL:
    :path: ../

SPEC CHECKSUMS:
  AnalyticFL: a6e5300562185cbdf52ac3271a410b872c53208a
  BlocksKit: 7f422b971407001178d181a43b99014ea2591fe6
  Flurry-iOS-SDK: e6975df9e57010d582bf9bed0f6312553cf24bc2
  GamePluginBase: f154df85a4134b2165697728bdab164aaf8681d0
  MBProgressHUD: 1569cf7ace17a8bac47aabfbb8580a49690386d1
  Reachability: 33e18b67625424e47b6cde6d202dce689ad7af96

PODFILE CHECKSUM: 39975e2dec743b3098918441d8824a794b39fb70

COCOAPODS: 1.2.0
