PODS:
  - AnalyticFL (0.1.1):
    - Flurry-iOS-SDK/FlurrySDK (<= 7.1.0)
    - GamePluginBase
  - Expecta (1.0.5)
  - Expecta+Snapshots (2.0.0):
    - Expecta (~> 1.0)
    - FBSnapshotTestCase/Core (~> 2.0.3)
  - FBSnapshotTestCase (2.0.7):
    - FBSnapshotTestCase/SwiftSupport (= 2.0.7)
  - FBSnapshotTestCase/Core (2.0.7)
  - FBSnapshotTestCase/SwiftSupport (2.0.7):
    - FBSnapshotTestCase/Core
  - Flurry-iOS-SDK/FlurrySDK (7.1.0)
  - GamePluginBase (0.1.5)
  - Specta (1.0.5)

DEPENDENCIES:
  - AnalyticFL (from `../`)
  - Expecta
  - Expecta+Snapshots
  - FBSnapshotTestCase
  - Specta

EXTERNAL SOURCES:
  AnalyticFL:
    :path: ../

SPEC CHECKSUMS:
  AnalyticFL: 7fb192c4f0966f5663b974b6b8f52c143bdcc734
  Expecta: e1c022fcd33910b6be89c291d2775b3fe27a89fe
  Expecta+Snapshots: 29b38dd695bc72a0ed2bea833937d78df41943ba
  FBSnapshotTestCase: 7e85180d0d141a0cf472352edda7e80d7eaeb547
  Flurry-iOS-SDK: 7b3fe6c3344c82b73c4c84163652eada84fbfcf4
  GamePluginBase: 6a80d832346bb17a34704b714914c1c1d619c6fa
  Specta: ac94d110b865115fe60ff2c6d7281053c6f8e8a2

COCOAPODS: 0.39.0
